PODS:
  - Atlas (1.0.10):
    - LayerKit (>= 0.14.2)
  - CocoaAsyncSocket (7.4.1)
  - LayerKit (0.15.0)

DEPENDENCIES:
  - Atlas (~> 1.0.10)
  - CocoaAsyncSocket

SPEC CHECKSUMS:
  Atlas: ea8e1559810405c4eaa45eef80b813a12235527c
  CocoaAsyncSocket: 7cbf214b27f8e7f7574db6a3fd96352ffaed433d
  LayerKit: ac8c5c227a06e2ea5e042303b80e931a8ffe3568

COCOAPODS: 0.38.2
